
Microsoft Visual Studio Solution File, Format Version 12.00
# Visual Studio Version 16
VisualStudioVersion = 16.0.31515.178
MinimumVisualStudioVersion = 10.0.40219.1
Project("{FAE04EC0-301F-11D3-BF4B-00C04F79EFBC}") = "DairyStore", "DairyStore\DairyStore.csproj", "{4F88F73E-D976-4150-8CE1-21D1F47B0A3E}"
EndProject
Global
	GlobalSection(SolutionConfigurationPlatforms) = preSolution
		Debug|Any CPU = Debug|Any CPU
		Release|Any CPU = Release|Any CPU
	EndGlobalSection
	GlobalSection(ProjectConfigurationPlatforms) = postSolution
		{4F88F73E-D976-4150-8CE1-21D1F47B0A3E}.Debug|Any CPU.ActiveCfg = Debug|Any CPU
		{4F88F73E-D976-4150-8CE1-21D1F47B0A3E}.Debug|Any CPU.Build.0 = Debug|Any CPU
		{4F88F73E-D976-4150-8CE1-21D1F47B0A3E}.Release|Any CPU.ActiveCfg = Release|Any CPU
		{4F88F73E-D976-4150-8CE1-21D1F47B0A3E}.Release|Any CPU.Build.0 = Release|Any CPU
	EndGlobalSection
	GlobalSection(SolutionProperties) = preSolution
		HideSolutionNode = FALSE
	EndGlobalSection
	GlobalSection(ExtensibilityGlobals) = postSolution
		SolutionGuid = {0483968B-C308-4393-AA4C-45366150418E}
	EndGlobalSection
EndGlobal
